github.com/aystzh/go-hello v0.0.0-20201225045753-5e25004878f0 h1:eJTSmbrkTlvpqVa6pdkVZCFTrK4HKEamCHYFlPrCcEo=
github.com/aystzh/go-hello v0.0.0-20201225045753-5e25004878f0/go.mod h1:/EZbkbPI21LulBgOMBwdJkGw2qqgIe92tC7uWgpVtak=
github.com/google/go-cmp v0.4.0/go.mod h1:v8dTdLbMG2kIc/vJvl+f65V22dbkXbowE6jgT/gNBxE=
golang.org/x/xerrors v0.0.0-20191204190536-9bdfabe68543/go.mod h1:I/5z698sn9Ka8TeJc9MKroUUfqBBauWjQqLJ2OPfmY0=
